
Microsoft Visual Studio Solution File, Format Version 12.00
# Visual Studio Version 16
VisualStudioVersion = 16.0.31313.79
MinimumVisualStudioVersion = 10.0.40219.1
Project("{FAE04EC0-301F-11D3-BF4B-00C04F79EFBC}") = "CalculatorApp", "CalculatorApp\CalculatorApp.csproj", "{7B958B7B-C151-43D2-BB34-3DC10891712C}"
EndProject
Project("{FAE04EC0-301F-11D3-BF4B-00C04F79EFBC}") = "CalculatorApp.Logic", "CalculatorApp.Logic\CalculatorApp.Logic.csproj", "{6713CCB5-D95D-48CE-B9C1-21CD68D81B61}"
EndProject
Project("{FAE04EC0-301F-11D3-BF4B-00C04F79EFBC}") = "CalculatorApp.UnitTest", "CalculatorApp.UnitTest\CalculatorApp.UnitTest.csproj", "{773186CF-243B-4C16-A49F-BC0BB01C7FE7}"
EndProject
Global
	GlobalSection(SolutionConfigurationPlatforms) = preSolution
		Debug|Any CPU = Debug|Any CPU
		Release|Any CPU = Release|Any CPU
	EndGlobalSection
	GlobalSection(ProjectConfigurationPlatforms) = postSolution
		{7B958B7B-C151-43D2-BB34-3DC10891712C}.Debug|Any CPU.ActiveCfg = Debug|Any CPU
		{7B958B7B-C151-43D2-BB34-3DC10891712C}.Debug|Any CPU.Build.0 = Debug|Any CPU
		{7B958B7B-C151-43D2-BB34-3DC10891712C}.Release|Any CPU.ActiveCfg = Release|Any CPU
		{7B958B7B-C151-43D2-BB34-3DC10891712C}.Release|Any CPU.Build.0 = Release|Any CPU
		{6713CCB5-D95D-48CE-B9C1-21CD68D81B61}.Debug|Any CPU.ActiveCfg = Debug|Any CPU
		{6713CCB5-D95D-48CE-B9C1-21CD68D81B61}.Debug|Any CPU.Build.0 = Debug|Any CPU
		{6713CCB5-D95D-48CE-B9C1-21CD68D81B61}.Release|Any CPU.ActiveCfg = Release|Any CPU
		{6713CCB5-D95D-48CE-B9C1-21CD68D81B61}.Release|Any CPU.Build.0 = Release|Any CPU
		{773186CF-243B-4C16-A49F-BC0BB01C7FE7}.Debug|Any CPU.ActiveCfg = Debug|Any CPU
		{773186CF-243B-4C16-A49F-BC0BB01C7FE7}.Debug|Any CPU.Build.0 = Debug|Any CPU
		{773186CF-243B-4C16-A49F-BC0BB01C7FE7}.Release|Any CPU.ActiveCfg = Release|Any CPU
		{773186CF-243B-4C16-A49F-BC0BB01C7FE7}.Release|Any CPU.Build.0 = Release|Any CPU
	EndGlobalSection
	GlobalSection(SolutionProperties) = preSolution
		HideSolutionNode = FALSE
	EndGlobalSection
	GlobalSection(ExtensibilityGlobals) = postSolution
		SolutionGuid = {A3DB86DC-EA1F-4F78-96F7-8B50256EDBAA}
	EndGlobalSection
EndGlobal
